
Microsoft Visual Studio Solution File, Format Version 12.00
# Visual Studio Version 17
VisualStudioVersion = 17.7.34003.232
MinimumVisualStudioVersion = 10.0.40219.1
Project("{FAE04EC0-301F-11D3-BF4B-00C04F79EFBC}") = "ead-rest-project", "ead-rest-project.csproj", "{AC8520E8-63B0-42E5-98AC-3CBAEE241197}"
EndProject
Global
	GlobalSection(SolutionConfigurationPlatforms) = preSolution
		Debug|Any CPU = Debug|Any CPU
		Release|Any CPU = Release|Any CPU
	EndGlobalSection
	GlobalSection(ProjectConfigurationPlatforms) = postSolution
		{AC8520E8-63B0-42E5-98AC-3CBAEE241197}.Debug|Any CPU.ActiveCfg = Debug|Any CPU
		{AC8520E8-63B0-42E5-98AC-3CBAEE241197}.Debug|Any CPU.Build.0 = Debug|Any CPU
		{AC8520E8-63B0-42E5-98AC-3CBAEE241197}.Release|Any CPU.ActiveCfg = Release|Any CPU
		{AC8520E8-63B0-42E5-98AC-3CBAEE241197}.Release|Any CPU.Build.0 = Release|Any CPU
	EndGlobalSection
	GlobalSection(SolutionProperties) = preSolution
		HideSolutionNode = FALSE
	EndGlobalSection
	GlobalSection(ExtensibilityGlobals) = postSolution
		SolutionGuid = {883BB66B-334C-4AC0-8FF5-07BC50E684D4}
	EndGlobalSection
EndGlobal
